
Microsoft Visual Studio Solution File, Format Version 12.00
# Visual Studio 15
VisualStudioVersion = 15.0.26730.15
MinimumVisualStudioVersion = 10.0.40219.1
Project("{FAE04EC0-301F-11D3-BF4B-00C04F79EFBC}") = "Project", "Project.csproj", "{B3356F82-A9D4-450D-A442-A93B3E1FC08E}"
EndProject
Global
	GlobalSection(SolutionConfigurationPlatforms) = preSolution
		Debug|Any CPU = Debug|Any CPU
		Release|Any CPU = Release|Any CPU
	EndGlobalSection
	GlobalSection(ProjectConfigurationPlatforms) = postSolution
		{B3356F82-A9D4-450D-A442-A93B3E1FC08E}.Debug|Any CPU.ActiveCfg = Debug|Any CPU
		{B3356F82-A9D4-450D-A442-A93B3E1FC08E}.Debug|Any CPU.Build.0 = Debug|Any CPU
		{B3356F82-A9D4-450D-A442-A93B3E1FC08E}.Release|Any CPU.ActiveCfg = Release|Any CPU
		{B3356F82-A9D4-450D-A442-A93B3E1FC08E}.Release|Any CPU.Build.0 = Release|Any CPU
	EndGlobalSection
	GlobalSection(SolutionProperties) = preSolution
		HideSolutionNode = FALSE
	EndGlobalSection
	GlobalSection(ExtensibilityGlobals) = postSolution
		SolutionGuid = {921693E1-584E-42BC-BF96-E68846A1293F}
	EndGlobalSection
EndGlobal
